
Microsoft Visual Studio Solution File, Format Version 12.00
# Visual Studio Version 16
VisualStudioVersion = 16.0.29709.97
MinimumVisualStudioVersion = 10.0.40219.1
Project("{2150E333-8FDC-42A3-9474-1A3956D46DE8}") = "src", "src", "{76634C0F-1D2A-4A74-B87F-85C511DDF9F7}"
EndProject
Project("{2150E333-8FDC-42A3-9474-1A3956D46DE8}") = "Building Blocks", "Building Blocks", "{D5DF6065-5918-42CA-B451-5474B77BEFF1}"
EndProject
Project("{2150E333-8FDC-42A3-9474-1A3956D46DE8}") = "Services", "Services", "{8BD8C79A-9221-47E7-8E0E-FB1983629FC0}"
EndProject
Project("{2150E333-8FDC-42A3-9474-1A3956D46DE8}") = "Web", "Web", "{3F92B98E-760B-4766-ABF7-3337BEC3AE3E}"
EndProject
Project("{2150E333-8FDC-42A3-9474-1A3956D46DE8}") = "Identidade", "Identidade", "{82A97DE2-05A4-4B7F-A365-421C173468C9}"
EndProject
Project("{FAE04EC0-301F-11D3-BF4B-00C04F79EFBC}") = "NSE.Identidade.API", "src\services\NSE.Identidade.API\NSE.Identidade.API.csproj", "{2365A3E9-ADCA-4D15-A56B-5171AE9C8D29}"
EndProject
Project("{2150E333-8FDC-42A3-9474-1A3956D46DE8}") = "MVC", "MVC", "{527EAFEB-CE5D-4368-B187-159C53D5512E}"
EndProject
Project("{FAE04EC0-301F-11D3-BF4B-00C04F79EFBC}") = "NSE.WebApp.MVC", "src\web\NSE.WebApp.MVC\NSE.WebApp.MVC.csproj", "{BF958D01-9FB8-4226-8D4C-F6CACD872C73}"
EndProject
Project("{2150E333-8FDC-42A3-9474-1A3956D46DE8}") = "Core", "Core", "{B49E2550-E8E6-410B-A02D-EBC07614AECA}"
EndProject
Project("{FAE04EC0-301F-11D3-BF4B-00C04F79EFBC}") = "NSE.Core", "src\building blocks\NSE.Core\NSE.Core.csproj", "{0BED80F3-0DBE-4F82-92A5-93331F996259}"
EndProject
Project("{2150E333-8FDC-42A3-9474-1A3956D46DE8}") = "Carrinho", "Carrinho", "{DD21D622-C933-4FD2-9BBC-CAC2887545E5}"
EndProject
Project("{FAE04EC0-301F-11D3-BF4B-00C04F79EFBC}") = "NSE.Carrinho.API", "src\services\NSE.Carrinho.API\NSE.Carrinho.API.csproj", "{7F5ACC0B-A83B-4B34-9434-43D6C7F71186}"
EndProject
Project("{2150E333-8FDC-42A3-9474-1A3956D46DE8}") = "Catalogo", "Catalogo", "{60906FD9-BF44-426A-A4F5-9B3587FB7565}"
EndProject
Project("{FAE04EC0-301F-11D3-BF4B-00C04F79EFBC}") = "NSE.Catalogo.API", "src\services\NSE.Catalogo.API\NSE.Catalogo.API.csproj", "{C67A4DDE-839F-4E39-96F5-AAF658836239}"
EndProject
Project("{2150E333-8FDC-42A3-9474-1A3956D46DE8}") = "Cliente", "Cliente", "{0D7923BC-CD90-4667-9545-852F7A37702C}"
EndProject
Project("{FAE04EC0-301F-11D3-BF4B-00C04F79EFBC}") = "NSE.Cliente.API", "src\services\NSE.Cliente.API\NSE.Cliente.API.csproj", "{4C3270AB-89B6-40E1-8917-9021E8DF2AA2}"
EndProject
Project("{2150E333-8FDC-42A3-9474-1A3956D46DE8}") = "Pagamento", "Pagamento", "{DFDEAD98-8193-43B6-BDB0-1D4CD32DC9E9}"
EndProject
Project("{FAE04EC0-301F-11D3-BF4B-00C04F79EFBC}") = "NSE.Pagamento.API", "src\services\NSE.Pagamento.API\NSE.Pagamento.API.csproj", "{F7CA232F-FC1F-47EB-B555-8852C9D3F318}"
EndProject
Project("{2150E333-8FDC-42A3-9474-1A3956D46DE8}") = "Pedido", "Pedido", "{9A2230FA-C25C-4F01-A071-732DE4EB579E}"
EndProject
Project("{FAE04EC0-301F-11D3-BF4B-00C04F79EFBC}") = "NSE.Pedido.API", "src\services\NSE.Pedido.API\NSE.Pedido.API.csproj", "{1A95060F-B336-44C5-8695-76024286052E}"
EndProject
Global
	GlobalSection(SolutionConfigurationPlatforms) = preSolution
		Debug|Any CPU = Debug|Any CPU
		Release|Any CPU = Release|Any CPU
	EndGlobalSection
	GlobalSection(ProjectConfigurationPlatforms) = postSolution
		{2365A3E9-ADCA-4D15-A56B-5171AE9C8D29}.Debug|Any CPU.ActiveCfg = Debug|Any CPU
		{2365A3E9-ADCA-4D15-A56B-5171AE9C8D29}.Debug|Any CPU.Build.0 = Debug|Any CPU
		{2365A3E9-ADCA-4D15-A56B-5171AE9C8D29}.Release|Any CPU.ActiveCfg = Release|Any CPU
		{2365A3E9-ADCA-4D15-A56B-5171AE9C8D29}.Release|Any CPU.Build.0 = Release|Any CPU
		{BF958D01-9FB8-4226-8D4C-F6CACD872C73}.Debug|Any CPU.ActiveCfg = Debug|Any CPU
		{BF958D01-9FB8-4226-8D4C-F6CACD872C73}.Debug|Any CPU.Build.0 = Debug|Any CPU
		{BF958D01-9FB8-4226-8D4C-F6CACD872C73}.Release|Any CPU.ActiveCfg = Release|Any CPU
		{BF958D01-9FB8-4226-8D4C-F6CACD872C73}.Release|Any CPU.Build.0 = Release|Any CPU
		{0BED80F3-0DBE-4F82-92A5-93331F996259}.Debug|Any CPU.ActiveCfg = Debug|Any CPU
		{0BED80F3-0DBE-4F82-92A5-93331F996259}.Debug|Any CPU.Build.0 = Debug|Any CPU
		{0BED80F3-0DBE-4F82-92A5-93331F996259}.Release|Any CPU.ActiveCfg = Release|Any CPU
		{0BED80F3-0DBE-4F82-92A5-93331F996259}.Release|Any CPU.Build.0 = Release|Any CPU
		{7F5ACC0B-A83B-4B34-9434-43D6C7F71186}.Debug|Any CPU.ActiveCfg = Debug|Any CPU
		{7F5ACC0B-A83B-4B34-9434-43D6C7F71186}.Debug|Any CPU.Build.0 = Debug|Any CPU
		{7F5ACC0B-A83B-4B34-9434-43D6C7F71186}.Release|Any CPU.ActiveCfg = Release|Any CPU
		{7F5ACC0B-A83B-4B34-9434-43D6C7F71186}.Release|Any CPU.Build.0 = Release|Any CPU
		{C67A4DDE-839F-4E39-96F5-AAF658836239}.Debug|Any CPU.ActiveCfg = Debug|Any CPU
		{C67A4DDE-839F-4E39-96F5-AAF658836239}.Debug|Any CPU.Build.0 = Debug|Any CPU
		{C67A4DDE-839F-4E39-96F5-AAF658836239}.Release|Any CPU.ActiveCfg = Release|Any CPU
		{C67A4DDE-839F-4E39-96F5-AAF658836239}.Release|Any CPU.Build.0 = Release|Any CPU
		{4C3270AB-89B6-40E1-8917-9021E8DF2AA2}.Debug|Any CPU.ActiveCfg = Debug|Any CPU
		{4C3270AB-89B6-40E1-8917-9021E8DF2AA2}.Debug|Any CPU.Build.0 = Debug|Any CPU
		{4C3270AB-89B6-40E1-8917-9021E8DF2AA2}.Release|Any CPU.ActiveCfg = Release|Any CPU
		{4C3270AB-89B6-40E1-8917-9021E8DF2AA2}.Release|Any CPU.Build.0 = Release|Any CPU
		{F7CA232F-FC1F-47EB-B555-8852C9D3F318}.Debug|Any CPU.ActiveCfg = Debug|Any CPU
		{F7CA232F-FC1F-47EB-B555-8852C9D3F318}.Debug|Any CPU.Build.0 = Debug|Any CPU
		{F7CA232F-FC1F-47EB-B555-8852C9D3F318}.Release|Any CPU.ActiveCfg = Release|Any CPU
		{F7CA232F-FC1F-47EB-B555-8852C9D3F318}.Release|Any CPU.Build.0 = Release|Any CPU
		{1A95060F-B336-44C5-8695-76024286052E}.Debug|Any CPU.ActiveCfg = Debug|Any CPU
		{1A95060F-B336-44C5-8695-76024286052E}.Debug|Any CPU.Build.0 = Debug|Any CPU
		{1A95060F-B336-44C5-8695-76024286052E}.Release|Any CPU.ActiveCfg = Release|Any CPU
		{1A95060F-B336-44C5-8695-76024286052E}.Release|Any CPU.Build.0 = Release|Any CPU
	EndGlobalSection
	GlobalSection(SolutionProperties) = preSolution
		HideSolutionNode = FALSE
	EndGlobalSection
	GlobalSection(NestedProjects) = preSolution
		{D5DF6065-5918-42CA-B451-5474B77BEFF1} = {76634C0F-1D2A-4A74-B87F-85C511DDF9F7}
		{8BD8C79A-9221-47E7-8E0E-FB1983629FC0} = {76634C0F-1D2A-4A74-B87F-85C511DDF9F7}
		{3F92B98E-760B-4766-ABF7-3337BEC3AE3E} = {76634C0F-1D2A-4A74-B87F-85C511DDF9F7}
		{82A97DE2-05A4-4B7F-A365-421C173468C9} = {8BD8C79A-9221-47E7-8E0E-FB1983629FC0}
		{2365A3E9-ADCA-4D15-A56B-5171AE9C8D29} = {82A97DE2-05A4-4B7F-A365-421C173468C9}
		{527EAFEB-CE5D-4368-B187-159C53D5512E} = {3F92B98E-760B-4766-ABF7-3337BEC3AE3E}
		{BF958D01-9FB8-4226-8D4C-F6CACD872C73} = {527EAFEB-CE5D-4368-B187-159C53D5512E}
		{B49E2550-E8E6-410B-A02D-EBC07614AECA} = {D5DF6065-5918-42CA-B451-5474B77BEFF1}
		{0BED80F3-0DBE-4F82-92A5-93331F996259} = {B49E2550-E8E6-410B-A02D-EBC07614AECA}
		{DD21D622-C933-4FD2-9BBC-CAC2887545E5} = {8BD8C79A-9221-47E7-8E0E-FB1983629FC0}
		{7F5ACC0B-A83B-4B34-9434-43D6C7F71186} = {DD21D622-C933-4FD2-9BBC-CAC2887545E5}
		{60906FD9-BF44-426A-A4F5-9B3587FB7565} = {8BD8C79A-9221-47E7-8E0E-FB1983629FC0}
		{C67A4DDE-839F-4E39-96F5-AAF658836239} = {60906FD9-BF44-426A-A4F5-9B3587FB7565}
		{0D7923BC-CD90-4667-9545-852F7A37702C} = {8BD8C79A-9221-47E7-8E0E-FB1983629FC0}
		{4C3270AB-89B6-40E1-8917-9021E8DF2AA2} = {0D7923BC-CD90-4667-9545-852F7A37702C}
		{DFDEAD98-8193-43B6-BDB0-1D4CD32DC9E9} = {8BD8C79A-9221-47E7-8E0E-FB1983629FC0}
		{F7CA232F-FC1F-47EB-B555-8852C9D3F318} = {DFDEAD98-8193-43B6-BDB0-1D4CD32DC9E9}
		{9A2230FA-C25C-4F01-A071-732DE4EB579E} = {8BD8C79A-9221-47E7-8E0E-FB1983629FC0}
		{1A95060F-B336-44C5-8695-76024286052E} = {9A2230FA-C25C-4F01-A071-732DE4EB579E}
	EndGlobalSection
	GlobalSection(ExtensibilityGlobals) = postSolution
		SolutionGuid = {064C9E8C-174F-41D1-ABB3-AE02B5BA2337}
	EndGlobalSection
EndGlobal
